
Microsoft Visual Studio Solution File, Format Version 12.00
# Visual Studio Version 16
VisualStudioVersion = 16.0.34931.43
MinimumVisualStudioVersion = 10.0.40219.1
Project("{F184B08F-C81C-45F6-A57F-5ABD9991F28F}") = "WinDick", "WinDick\WinDick.vbproj", "{E1131078-F27E-4749-9A94-2F11969E589D}"
EndProject
Global
	GlobalSection(SolutionConfigurationPlatforms) = preSolution
		Debug|Any CPU = Debug|Any CPU
		Release|Any CPU = Release|Any CPU
	EndGlobalSection
	GlobalSection(ProjectConfigurationPlatforms) = postSolution
		{E1131078-F27E-4749-9A94-2F11969E589D}.Debug|Any CPU.ActiveCfg = Debug|Any CPU
		{E1131078-F27E-4749-9A94-2F11969E589D}.Debug|Any CPU.Build.0 = Debug|Any CPU
		{E1131078-F27E-4749-9A94-2F11969E589D}.Release|Any CPU.ActiveCfg = Release|Any CPU
		{E1131078-F27E-4749-9A94-2F11969E589D}.Release|Any CPU.Build.0 = Release|Any CPU
	EndGlobalSection
	GlobalSection(SolutionProperties) = preSolution
		HideSolutionNode = FALSE
	EndGlobalSection
	GlobalSection(ExtensibilityGlobals) = postSolution
		SolutionGuid = {6AF7EF9C-E6A1-4FB9-A994-628E2314B733}
	EndGlobalSection
EndGlobal
